
Microsoft Visual Studio Solution File, Format Version 12.00
# Visual Studio Version 17
VisualStudioVersion = 17.0.32014.148
MinimumVisualStudioVersion = 10.0.40219.1
Project("{9A19103F-16F7-4668-BE54-9A1E7A4F7556}") = "Diamond", "Diamond\Diamond.csproj", "{4A628345-15DA-458A-AB1F-E87DDDA3F24B}"
EndProject
Project("{FAE04EC0-301F-11D3-BF4B-00C04F79EFBC}") = "DiamondTest", "DiamondTest\DiamondTest.csproj", "{D3069A8E-BC58-497A-B028-7FF5A8B2E37B}"
EndProject
Global
	GlobalSection(SolutionConfigurationPlatforms) = preSolution
		Debug|Any CPU = Debug|Any CPU
		Release|Any CPU = Release|Any CPU
	EndGlobalSection
	GlobalSection(ProjectConfigurationPlatforms) = postSolution
		{4A628345-15DA-458A-AB1F-E87DDDA3F24B}.Debug|Any CPU.ActiveCfg = Debug|Any CPU
		{4A628345-15DA-458A-AB1F-E87DDDA3F24B}.Debug|Any CPU.Build.0 = Debug|Any CPU
		{4A628345-15DA-458A-AB1F-E87DDDA3F24B}.Release|Any CPU.ActiveCfg = Release|Any CPU
		{4A628345-15DA-458A-AB1F-E87DDDA3F24B}.Release|Any CPU.Build.0 = Release|Any CPU
		{D3069A8E-BC58-497A-B028-7FF5A8B2E37B}.Debug|Any CPU.ActiveCfg = Debug|Any CPU
		{D3069A8E-BC58-497A-B028-7FF5A8B2E37B}.Debug|Any CPU.Build.0 = Debug|Any CPU
		{D3069A8E-BC58-497A-B028-7FF5A8B2E37B}.Release|Any CPU.ActiveCfg = Release|Any CPU
		{D3069A8E-BC58-497A-B028-7FF5A8B2E37B}.Release|Any CPU.Build.0 = Release|Any CPU
	EndGlobalSection
	GlobalSection(SolutionProperties) = preSolution
		HideSolutionNode = FALSE
	EndGlobalSection
	GlobalSection(ExtensibilityGlobals) = postSolution
		SolutionGuid = {08CBFBCB-6748-4781-985E-F3424AA4DDCF}
	EndGlobalSection
EndGlobal
